# This file is automatically @generated by Poetry 1.8.3 and should not be changed by hand.

[[package]]
name = "chess"
version = "1.11.0"
description = "A chess library with move generation and validation, Polyglot opening book probing, PGN reading and writing, Gaviota tablebase probing, Syzygy tablebase probing, and XBoard/UCI engine communication."
optional = false
python-versions = ">=3.8"
files = [
    {file = "chess-1.11.0.tar.gz", hash = "sha256:3c63cace177860987705b71dedcfab63fb1065186799a06db7eccd76e833b279"},
]

[[package]]
name = "python-chess"
version = "1.999"
description = "A chess library with move generation, move validation, and support for common formats."
optional = false
python-versions = "*"
files = [
    {file = "python-chess-1.999.tar.gz", hash = "sha256:8cad0388c42242d890ac6368ad64def15cd0165db033df0ad479492e266e5e6c"},
    {file = "python_chess-1.999-py3-none-any.whl", hash = "sha256:93b562f8f1124cb7bf56fb095e18743758e69dc6a028ccda0badcaa5c59d88c8"},
]

[package.dependencies]
chess = ">=1,<2"

[metadata]
lock-version = "2.0"
python-versions = "^3.12"
content-hash = "b258f45925f78c7a049421f0c6d253bd3039bfcbbf015f4dc12ae187cac37605"
